
Microsoft Visual Studio Solution File, Format Version 12.00
Project("{FAE04EC0-301F-11D3-BF4B-00C04F79EFBC}") = "StartingPoint", "StartingPoint\StartingPoint.csproj", "{8D6DD56C-EE18-466C-A96B-22D20B7B3C87}"
EndProject
Project("{2150E333-8FDC-42A3-9474-1A3956D46DE8}") = "Solution Items", "Solution Items", "{01D97376-73E1-4BB4-A88A-85719704C86A}"
	ProjectSection(SolutionItems) = preProject
		compose.yaml = compose.yaml
	EndProjectSection
EndProject
Project("{FAE04EC0-301F-11D3-BF4B-00C04F79EFBC}") = "StartingPoint.Tests", "StartingPoint.Tests\StartingPoint.Tests.csproj", "{68F19859-41AE-41F8-B56F-1CC424061108}"
EndProject
Global
	GlobalSection(SolutionConfigurationPlatforms) = preSolution
		Debug|Any CPU = Debug|Any CPU
		Release|Any CPU = Release|Any CPU
	EndGlobalSection
	GlobalSection(ProjectConfigurationPlatforms) = postSolution
		{8D6DD56C-EE18-466C-A96B-22D20B7B3C87}.Debug|Any CPU.ActiveCfg = Debug|Any CPU
		{8D6DD56C-EE18-466C-A96B-22D20B7B3C87}.Debug|Any CPU.Build.0 = Debug|Any CPU
		{8D6DD56C-EE18-466C-A96B-22D20B7B3C87}.Release|Any CPU.ActiveCfg = Release|Any CPU
		{8D6DD56C-EE18-466C-A96B-22D20B7B3C87}.Release|Any CPU.Build.0 = Release|Any CPU
		{68F19859-41AE-41F8-B56F-1CC424061108}.Debug|Any CPU.ActiveCfg = Debug|Any CPU
		{68F19859-41AE-41F8-B56F-1CC424061108}.Debug|Any CPU.Build.0 = Debug|Any CPU
		{68F19859-41AE-41F8-B56F-1CC424061108}.Release|Any CPU.ActiveCfg = Release|Any CPU
		{68F19859-41AE-41F8-B56F-1CC424061108}.Release|Any CPU.Build.0 = Release|Any CPU
	EndGlobalSection
	GlobalSection(NestedProjects) = preSolution
	EndGlobalSection
EndGlobal
